
Microsoft Visual Studio Solution File, Format Version 12.00
# Visual Studio Version 17
VisualStudioVersion = 17.2.32602.215
MinimumVisualStudioVersion = 10.0.40219.1
Project("{FAE04EC0-301F-11D3-BF4B-00C04F79EFBC}") = "Crm_BL", "Crm_BL\Crm_BL.csproj", "{4CBB7E7C-3124-41FD-ADD1-5854683A9D47}"
EndProject
Global
	GlobalSection(SolutionConfigurationPlatforms) = preSolution
		Debug|Any CPU = Debug|Any CPU
		Release|Any CPU = Release|Any CPU
	EndGlobalSection
	GlobalSection(ProjectConfigurationPlatforms) = postSolution
		{4CBB7E7C-3124-41FD-ADD1-5854683A9D47}.Debug|Any CPU.ActiveCfg = Debug|Any CPU
		{4CBB7E7C-3124-41FD-ADD1-5854683A9D47}.Debug|Any CPU.Build.0 = Debug|Any CPU
		{4CBB7E7C-3124-41FD-ADD1-5854683A9D47}.Release|Any CPU.ActiveCfg = Release|Any CPU
		{4CBB7E7C-3124-41FD-ADD1-5854683A9D47}.Release|Any CPU.Build.0 = Release|Any CPU
	EndGlobalSection
	GlobalSection(SolutionProperties) = preSolution
		HideSolutionNode = FALSE
	EndGlobalSection
	GlobalSection(ExtensibilityGlobals) = postSolution
		SolutionGuid = {1D0252A0-D6EA-4CD2-A28F-83FEAFBAD083}
	EndGlobalSection
EndGlobal
